
Microsoft Visual Studio Solution File, Format Version 12.00
# Visual Studio Version 17
VisualStudioVersion = 17.7.34221.43
MinimumVisualStudioVersion = 10.0.40219.1
Project("{FAE04EC0-301F-11D3-BF4B-00C04F79EFBC}") = "SistemaParcelas", "SistemaParcelas\SistemaParcelas.csproj", "{125FC846-BA90-4B37-BAEB-C0BBA126CB51}"
EndProject
Global
	GlobalSection(SolutionConfigurationPlatforms) = preSolution
		Debug|Any CPU = Debug|Any CPU
		Release|Any CPU = Release|Any CPU
	EndGlobalSection
	GlobalSection(ProjectConfigurationPlatforms) = postSolution
		{125FC846-BA90-4B37-BAEB-C0BBA126CB51}.Debug|Any CPU.ActiveCfg = Debug|Any CPU
		{125FC846-BA90-4B37-BAEB-C0BBA126CB51}.Debug|Any CPU.Build.0 = Debug|Any CPU
		{125FC846-BA90-4B37-BAEB-C0BBA126CB51}.Release|Any CPU.ActiveCfg = Release|Any CPU
		{125FC846-BA90-4B37-BAEB-C0BBA126CB51}.Release|Any CPU.Build.0 = Release|Any CPU
	EndGlobalSection
	GlobalSection(SolutionProperties) = preSolution
		HideSolutionNode = FALSE
	EndGlobalSection
	GlobalSection(ExtensibilityGlobals) = postSolution
		SolutionGuid = {575DFB05-DE58-41A0-8269-7823A67FDCA1}
	EndGlobalSection
EndGlobal
